
Microsoft Visual Studio Solution File, Format Version 12.00
# Visual Studio 14
VisualStudioVersion = 14.0.24720.0
MinimumVisualStudioVersion = 10.0.40219.1
Project("{FAE04EC0-301F-11D3-BF4B-00C04F79EFBC}") = "Demo_ElasticSearchV1", "Demo_ElasticSearchV1\Demo_ElasticSearchV1.csproj", "{C223C97C-2572-43BF-84E4-E563C2251DA2}"
EndProject
Project("{FAE04EC0-301F-11D3-BF4B-00C04F79EFBC}") = "Demo_Index", "Demo_Index\Demo_Index.csproj", "{23D8BAB0-B263-4A4D-BCF8-9932DE4ED5A2}"
EndProject
Project("{FAE04EC0-301F-11D3-BF4B-00C04F79EFBC}") = "ZXXK_Index", "ZXXK_Index\ZXXK_Index.csproj", "{454EBBBE-EDBC-4247-B1F5-0DA4549EFFDD}"
EndProject
Global
	GlobalSection(SolutionConfigurationPlatforms) = preSolution
		Debug|Any CPU = Debug|Any CPU
		Release|Any CPU = Release|Any CPU
	EndGlobalSection
	GlobalSection(ProjectConfigurationPlatforms) = postSolution
		{C223C97C-2572-43BF-84E4-E563C2251DA2}.Debug|Any CPU.ActiveCfg = Debug|Any CPU
		{C223C97C-2572-43BF-84E4-E563C2251DA2}.Debug|Any CPU.Build.0 = Debug|Any CPU
		{C223C97C-2572-43BF-84E4-E563C2251DA2}.Release|Any CPU.ActiveCfg = Release|Any CPU
		{C223C97C-2572-43BF-84E4-E563C2251DA2}.Release|Any CPU.Build.0 = Release|Any CPU
		{23D8BAB0-B263-4A4D-BCF8-9932DE4ED5A2}.Debug|Any CPU.ActiveCfg = Debug|Any CPU
		{23D8BAB0-B263-4A4D-BCF8-9932DE4ED5A2}.Debug|Any CPU.Build.0 = Debug|Any CPU
		{23D8BAB0-B263-4A4D-BCF8-9932DE4ED5A2}.Release|Any CPU.ActiveCfg = Release|Any CPU
		{23D8BAB0-B263-4A4D-BCF8-9932DE4ED5A2}.Release|Any CPU.Build.0 = Release|Any CPU
		{454EBBBE-EDBC-4247-B1F5-0DA4549EFFDD}.Debug|Any CPU.ActiveCfg = Debug|Any CPU
		{454EBBBE-EDBC-4247-B1F5-0DA4549EFFDD}.Debug|Any CPU.Build.0 = Debug|Any CPU
		{454EBBBE-EDBC-4247-B1F5-0DA4549EFFDD}.Release|Any CPU.ActiveCfg = Release|Any CPU
		{454EBBBE-EDBC-4247-B1F5-0DA4549EFFDD}.Release|Any CPU.Build.0 = Release|Any CPU
	EndGlobalSection
	GlobalSection(SolutionProperties) = preSolution
		HideSolutionNode = FALSE
	EndGlobalSection
EndGlobal
